
Microsoft Visual Studio Solution File, Format Version 12.00
# Visual Studio Version 17
VisualStudioVersion = 17.4.33213.308
MinimumVisualStudioVersion = 10.0.40219.1
Project("{FAE04EC0-301F-11D3-BF4B-00C04F79EFBC}") = "WEB API", "WEB API\WEB API.csproj", "{D72D56F7-5556-4B4B-A2F7-54C453B59EBD}"
EndProject
Global
	GlobalSection(SolutionConfigurationPlatforms) = preSolution
		Debug|Any CPU = Debug|Any CPU
		Release|Any CPU = Release|Any CPU
	EndGlobalSection
	GlobalSection(ProjectConfigurationPlatforms) = postSolution
		{D72D56F7-5556-4B4B-A2F7-54C453B59EBD}.Debug|Any CPU.ActiveCfg = Debug|Any CPU
		{D72D56F7-5556-4B4B-A2F7-54C453B59EBD}.Debug|Any CPU.Build.0 = Debug|Any CPU
		{D72D56F7-5556-4B4B-A2F7-54C453B59EBD}.Release|Any CPU.ActiveCfg = Release|Any CPU
		{D72D56F7-5556-4B4B-A2F7-54C453B59EBD}.Release|Any CPU.Build.0 = Release|Any CPU
	EndGlobalSection
	GlobalSection(SolutionProperties) = preSolution
		HideSolutionNode = FALSE
	EndGlobalSection
	GlobalSection(ExtensibilityGlobals) = postSolution
		SolutionGuid = {FB1CD43A-FDC5-4AFB-AD7E-9A6BE5097DC2}
	EndGlobalSection
EndGlobal
